
Microsoft Visual Studio Solution File, Format Version 12.00
# Visual Studio Version 16
VisualStudioVersion = 16.0.29905.134
MinimumVisualStudioVersion = 10.0.40219.1
Project("{FAE04EC0-301F-11D3-BF4B-00C04F79EFBC}") = "Api", "Api\Api.csproj", "{1A0422EE-103A-4540-BCDA-258726CF3C84}"
EndProject
Project("{FAE04EC0-301F-11D3-BF4B-00C04F79EFBC}") = "Api.Core", "Api.Core\Api.Core.csproj", "{2263B5D6-8135-4B53-A738-0243E347382D}"
EndProject
Global
	GlobalSection(SolutionConfigurationPlatforms) = preSolution
		Debug|Any CPU = Debug|Any CPU
		Release|Any CPU = Release|Any CPU
	EndGlobalSection
	GlobalSection(ProjectConfigurationPlatforms) = postSolution
		{1A0422EE-103A-4540-BCDA-258726CF3C84}.Debug|Any CPU.ActiveCfg = Debug|Any CPU
		{1A0422EE-103A-4540-BCDA-258726CF3C84}.Debug|Any CPU.Build.0 = Debug|Any CPU
		{1A0422EE-103A-4540-BCDA-258726CF3C84}.Release|Any CPU.ActiveCfg = Release|Any CPU
		{1A0422EE-103A-4540-BCDA-258726CF3C84}.Release|Any CPU.Build.0 = Release|Any CPU
		{2263B5D6-8135-4B53-A738-0243E347382D}.Debug|Any CPU.ActiveCfg = Debug|Any CPU
		{2263B5D6-8135-4B53-A738-0243E347382D}.Debug|Any CPU.Build.0 = Debug|Any CPU
		{2263B5D6-8135-4B53-A738-0243E347382D}.Release|Any CPU.ActiveCfg = Release|Any CPU
		{2263B5D6-8135-4B53-A738-0243E347382D}.Release|Any CPU.Build.0 = Release|Any CPU
	EndGlobalSection
	GlobalSection(SolutionProperties) = preSolution
		HideSolutionNode = FALSE
	EndGlobalSection
	GlobalSection(ExtensibilityGlobals) = postSolution
		SolutionGuid = {613BB3C2-54E1-4F92-9A26-3BC7043DBA92}
	EndGlobalSection
EndGlobal
