
Microsoft Visual Studio Solution File, Format Version 12.00
# Visual Studio Version 16
VisualStudioVersion = 16.0.29519.87
MinimumVisualStudioVersion = 10.0.40219.1
Project("{2150E333-8FDC-42A3-9474-1A3956D46DE8}") = "Src", "Src", "{1CB38CDE-6243-4645-8DB4-D24DD0A7C587}"
EndProject
Project("{2150E333-8FDC-42A3-9474-1A3956D46DE8}") = "Tests", "Tests", "{044DD01D-19A3-4BB8-A265-4C38B471F070}"
EndProject
Project("{FAE04EC0-301F-11D3-BF4B-00C04F79EFBC}") = "Comments.Problem.Tests", "Tests\Comments.Problem.Tests\Comments.Problem.Tests.csproj", "{1365BD64-3AAE-4042-B3C4-247BDB69E7B1}"
EndProject
Project("{9A19103F-16F7-4668-BE54-9A1E7A4F7556}") = "Comments.Problem", "Src\Comments.Problem\Comments.Problem.csproj", "{56973CFA-16A3-4191-96B4-9D08CAB29770}"
EndProject
Global
	GlobalSection(SolutionConfigurationPlatforms) = preSolution
		Debug|Any CPU = Debug|Any CPU
		Release|Any CPU = Release|Any CPU
	EndGlobalSection
	GlobalSection(ProjectConfigurationPlatforms) = postSolution
		{1365BD64-3AAE-4042-B3C4-247BDB69E7B1}.Debug|Any CPU.ActiveCfg = Debug|Any CPU
		{1365BD64-3AAE-4042-B3C4-247BDB69E7B1}.Debug|Any CPU.Build.0 = Debug|Any CPU
		{1365BD64-3AAE-4042-B3C4-247BDB69E7B1}.Release|Any CPU.ActiveCfg = Release|Any CPU
		{1365BD64-3AAE-4042-B3C4-247BDB69E7B1}.Release|Any CPU.Build.0 = Release|Any CPU
		{56973CFA-16A3-4191-96B4-9D08CAB29770}.Debug|Any CPU.ActiveCfg = Debug|Any CPU
		{56973CFA-16A3-4191-96B4-9D08CAB29770}.Debug|Any CPU.Build.0 = Debug|Any CPU
		{56973CFA-16A3-4191-96B4-9D08CAB29770}.Release|Any CPU.ActiveCfg = Release|Any CPU
		{56973CFA-16A3-4191-96B4-9D08CAB29770}.Release|Any CPU.Build.0 = Release|Any CPU
	EndGlobalSection
	GlobalSection(SolutionProperties) = preSolution
		HideSolutionNode = FALSE
	EndGlobalSection
	GlobalSection(NestedProjects) = preSolution
		{1365BD64-3AAE-4042-B3C4-247BDB69E7B1} = {044DD01D-19A3-4BB8-A265-4C38B471F070}
		{56973CFA-16A3-4191-96B4-9D08CAB29770} = {1CB38CDE-6243-4645-8DB4-D24DD0A7C587}
	EndGlobalSection
	GlobalSection(ExtensibilityGlobals) = postSolution
		SolutionGuid = {7625BC76-24C4-458A-ACCF-35510BE31839}
	EndGlobalSection
EndGlobal
